
Microsoft Visual Studio Solution File, Format Version 12.00
# Visual Studio Version 17
VisualStudioVersion = 17.12.35527.113 d17.12
MinimumVisualStudioVersion = 10.0.40219.1
Project("{FAE04EC0-301F-11D3-BF4B-00C04F79EFBC}") = "Encapsulation", "Encapsulation\Encapsulation.csproj", "{F9EB423A-EBEC-47AF-BE86-A95CE9C22D24}"
EndProject
Project("{FAE04EC0-301F-11D3-BF4B-00C04F79EFBC}") = "Encapsulation.Service", "Encapsulation.Service\Encapsulation.Service.csproj", "{EAA2B1C3-DCF3-40BD-8F20-CA4E3122FE69}"
EndProject
Global
	GlobalSection(SolutionConfigurationPlatforms) = preSolution
		Debug|Any CPU = Debug|Any CPU
		Release|Any CPU = Release|Any CPU
	EndGlobalSection
	GlobalSection(ProjectConfigurationPlatforms) = postSolution
		{F9EB423A-EBEC-47AF-BE86-A95CE9C22D24}.Debug|Any CPU.ActiveCfg = Debug|Any CPU
		{F9EB423A-EBEC-47AF-BE86-A95CE9C22D24}.Debug|Any CPU.Build.0 = Debug|Any CPU
		{F9EB423A-EBEC-47AF-BE86-A95CE9C22D24}.Release|Any CPU.ActiveCfg = Release|Any CPU
		{F9EB423A-EBEC-47AF-BE86-A95CE9C22D24}.Release|Any CPU.Build.0 = Release|Any CPU
		{EAA2B1C3-DCF3-40BD-8F20-CA4E3122FE69}.Debug|Any CPU.ActiveCfg = Debug|Any CPU
		{EAA2B1C3-DCF3-40BD-8F20-CA4E3122FE69}.Debug|Any CPU.Build.0 = Debug|Any CPU
		{EAA2B1C3-DCF3-40BD-8F20-CA4E3122FE69}.Release|Any CPU.ActiveCfg = Release|Any CPU
		{EAA2B1C3-DCF3-40BD-8F20-CA4E3122FE69}.Release|Any CPU.Build.0 = Release|Any CPU
	EndGlobalSection
	GlobalSection(SolutionProperties) = preSolution
		HideSolutionNode = FALSE
	EndGlobalSection
EndGlobal
