
Microsoft Visual Studio Solution File, Format Version 12.00
# Visual Studio Version 17
VisualStudioVersion = 17.12.35527.113 d17.12
MinimumVisualStudioVersion = 10.0.40219.1
Project("{FAE04EC0-301F-11D3-BF4B-00C04F79EFBC}") = "DictionaryForeach", "DictionaryForeach\DictionaryForeach.csproj", "{D1B46B21-0B03-4223-8A66-CD6F4F62CDD1}"
EndProject
Global
	GlobalSection(SolutionConfigurationPlatforms) = preSolution
		Debug|Any CPU = Debug|Any CPU
		Release|Any CPU = Release|Any CPU
	EndGlobalSection
	GlobalSection(ProjectConfigurationPlatforms) = postSolution
		{D1B46B21-0B03-4223-8A66-CD6F4F62CDD1}.Debug|Any CPU.ActiveCfg = Debug|Any CPU
		{D1B46B21-0B03-4223-8A66-CD6F4F62CDD1}.Debug|Any CPU.Build.0 = Debug|Any CPU
		{D1B46B21-0B03-4223-8A66-CD6F4F62CDD1}.Release|Any CPU.ActiveCfg = Release|Any CPU
		{D1B46B21-0B03-4223-8A66-CD6F4F62CDD1}.Release|Any CPU.Build.0 = Release|Any CPU
	EndGlobalSection
	GlobalSection(SolutionProperties) = preSolution
		HideSolutionNode = FALSE
	EndGlobalSection
EndGlobal
